// !$*UTF8*$!
{
	archiveVersion = 1;
	classes = {
	};
	objectVersion = 46;
	objects = {

/* Begin PBXBuildFile section */
		86063CFB1F4CD8D300E21751 /* Card.swift in Sources */ = {isa = PBXBuildFile; fileRef = 86063CFA1F4CD8D300E21751 /* Card.swift */; };
		860B9F5D1FEB5331005E324A /* GameOverScene.sks in Resources */ = {isa = PBXBuildFile; fileRef = 860B9F5C1FEB5331005E324A /* GameOverScene.sks */; };
		860B9F5F1FEB5358005E324A /* GameOverScene.swift in Sources */ = {isa = PBXBuildFile; fileRef = 860B9F5E1FEB5358005E324A /* GameOverScene.swift */; };
		860B9F611FF423BE005E324A /* HeathBar.swift in Sources */ = {isa = PBXBuildFile; fileRef = 860B9F601FF423BE005E324A /* HeathBar.swift */; };
		8617D992206C4AB600442A18 /* pathOne.sks in Resources */ = {isa = PBXBuildFile; fileRef = 8617D991206C4AB600442A18 /* pathOne.sks */; };
		8617D994206C4F3000442A18 /* pathTwo.sks in Resources */ = {isa = PBXBuildFile; fileRef = 8617D993206C4F3000442A18 /* pathTwo.sks */; };
		8617D996206C5EAE00442A18 /* LevelEnd.swift in Sources */ = {isa = PBXBuildFile; fileRef = 8617D995206C5EAE00442A18 /* LevelEnd.swift */; };
		8617D998206C5EC200442A18 /* LevelEnd.sks in Resources */ = {isa = PBXBuildFile; fileRef = 8617D997206C5EC200442A18 /* LevelEnd.sks */; };
		86354CA9203D1D9300D10AC1 /* heart.sks in Resources */ = {isa = PBXBuildFile; fileRef = 86354CA8203D1D9300D10AC1 /* heart.sks */; };
		8639C2341F44FBC80035CAA5 /* AppDelegate.swift in Sources */ = {isa = PBXBuildFile; fileRef = 8639C2331F44FBC80035CAA5 /* AppDelegate.swift */; };
		8639C2361F44FBC80035CAA5 /* LevelOne.sks in Resources */ = {isa = PBXBuildFile; fileRef = 8639C2351F44FBC80035CAA5 /* LevelOne.sks */; };
		8639C2381F44FBC80035CAA5 /* Actions.sks in Resources */ = {isa = PBXBuildFile; fileRef = 8639C2371F44FBC80035CAA5 /* Actions.sks */; };
		8639C23A1F44FBC80035CAA5 /* CoreGame.swift in Sources */ = {isa = PBXBuildFile; fileRef = 8639C2391F44FBC80035CAA5 /* CoreGame.swift */; };
		8639C23C1F44FBC80035CAA5 /* GameViewController.swift in Sources */ = {isa = PBXBuildFile; fileRef = 8639C23B1F44FBC80035CAA5 /* GameViewController.swift */; };
		8639C23F1F44FBC80035CAA5 /* Main.storyboard in Resources */ = {isa = PBXBuildFile; fileRef = 8639C23D1F44FBC80035CAA5 /* Main.storyboard */; };
		8639C2411F44FBC80035CAA5 /* Assets.xcassets in Resources */ = {isa = PBXBuildFile; fileRef = 8639C2401F44FBC80035CAA5 /* Assets.xcassets */; };
		8639C2441F44FBC80035CAA5 /* LaunchScreen.storyboard in Resources */ = {isa = PBXBuildFile; fileRef = 8639C2421F44FBC80035CAA5 /* LaunchScreen.storyboard */; };
		8646B8AA2081773E0075FB7C /* LevelTransition.sks in Resources */ = {isa = PBXBuildFile; fileRef = 8646B8A92081773E0075FB7C /* LevelTransition.sks */; };
		8646B8AC208178AE0075FB7C /* LevelTransition.swift in Sources */ = {isa = PBXBuildFile; fileRef = 8646B8AB208178AE0075FB7C /* LevelTransition.swift */; };
		8646B8B22085562B0075FB7C /* Hero.swift in Sources */ = {isa = PBXBuildFile; fileRef = 8646B8B12085562B0075FB7C /* Hero.swift */; };
		8646B8B42086ABDE0075FB7C /* Buffs.swift in Sources */ = {isa = PBXBuildFile; fileRef = 8646B8B32086ABDE0075FB7C /* Buffs.swift */; };
		86619E2220542820009555F0 /* LevelOne.swift in Sources */ = {isa = PBXBuildFile; fileRef = 86619E2120542820009555F0 /* LevelOne.swift */; };
		866AE54A1FAD13E400C1BB6D /* Spider.swift in Sources */ = {isa = PBXBuildFile; fileRef = 866AE5491FAD13E400C1BB6D /* Spider.swift */; };
		86A2BAE720790AF7000D8DBE /* Bosses.swift in Sources */ = {isa = PBXBuildFile; fileRef = 86A2BAE620790AF7000D8DBE /* Bosses.swift */; };
		86B2BDB3204A126E00AB73A0 /* playerHUD.sks in Resources */ = {isa = PBXBuildFile; fileRef = 86B2BDB2204A126E00AB73A0 /* playerHUD.sks */; };
		86B2BDB5204AFC5F00AB73A0 /* legacyCode.swift in Sources */ = {isa = PBXBuildFile; fileRef = 86B2BDB4204AFC5E00AB73A0 /* legacyCode.swift */; };
		86CF443D2023DA3400B75CC5 /* LevelTwo.sks in Resources */ = {isa = PBXBuildFile; fileRef = 86CF443C2023DA3400B75CC5 /* LevelTwo.sks */; };
		86CF443F2023DBB700B75CC5 /* LevelTwo.swift in Sources */ = {isa = PBXBuildFile; fileRef = 86CF443E2023DBB700B75CC5 /* LevelTwo.swift */; };
		86CF44412023DC3D00B75CC5 /* LevelThree.sks in Resources */ = {isa = PBXBuildFile; fileRef = 86CF44402023DC3D00B75CC5 /* LevelThree.sks */; };
		86CF44432023DCE400B75CC5 /* SceneLoadManager.swift in Sources */ = {isa = PBXBuildFile; fileRef = 86CF44422023DCE400B75CC5 /* SceneLoadManager.swift */; };
		86CF44452023DD1000B75CC5 /* LevelThree.swift in Sources */ = {isa = PBXBuildFile; fileRef = 86CF44442023DD1000B75CC5 /* LevelThree.swift */; };
		86CF44482025380100B75CC5 /* MainMenu.swift in Sources */ = {isa = PBXBuildFile; fileRef = 86CF44472025380100B75CC5 /* MainMenu.swift */; };
		86CF444A2025382C00B75CC5 /* MainMenu.sks in Resources */ = {isa = PBXBuildFile; fileRef = 86CF44492025382C00B75CC5 /* MainMenu.sks */; };
		86CF444E2030A16200B75CC5 /* ActiveHammer.swift in Sources */ = {isa = PBXBuildFile; fileRef = 86CF444D2030A16200B75CC5 /* ActiveHammer.swift */; };
		86CF4455203CFA8A00B75CC5 /* GreenScatter.sks in Resources */ = {isa = PBXBuildFile; fileRef = 86CF4454203CFA8A00B75CC5 /* GreenScatter.sks */; };
		86F4DBAA2041A44A0018255D /* Structs.swift in Sources */ = {isa = PBXBuildFile; fileRef = 86F4DBA92041A44A0018255D /* Structs.swift */; };
		86F4DBAC2044DDD60018255D /* RoomOne.sks in Resources */ = {isa = PBXBuildFile; fileRef = 86F4DBAB2044DDD60018255D /* RoomOne.sks */; };
		86FF44A51F48752D00E9053C /* Alerts.swift in Sources */ = {isa = PBXBuildFile; fileRef = 86FF44A41F48752D00E9053C /* Alerts.swift */; };
/* End PBXBuildFile section */

/* Begin PBXFileReference section */
		86063CFA1F4CD8D300E21751 /* Card.swift */ = {isa = PBXFileReference; fileEncoding = 4; lastKnownFileType = sourcecode.swift; path = Card.swift; sourceTree = "<group>"; };
		860B9F5C1FEB5331005E324A /* GameOverScene.sks */ = {isa = PBXFileReference; lastKnownFileType = file.sks; path = GameOverScene.sks; sourceTree = "<group>"; };
		860B9F5E1FEB5358005E324A /* GameOverScene.swift */ = {isa = PBXFileReference; lastKnownFileType = sourcecode.swift; path = GameOverScene.swift; sourceTree = "<group>"; };
		860B9F601FF423BE005E324A /* HeathBar.swift */ = {isa = PBXFileReference; lastKnownFileType = sourcecode.swift; path = HeathBar.swift; sourceTree = "<group>"; };
		8617D991206C4AB600442A18 /* pathOne.sks */ = {isa = PBXFileReference; lastKnownFileType = file.sks; path = pathOne.sks; sourceTree = "<group>"; };
		8617D993206C4F3000442A18 /* pathTwo.sks */ = {isa = PBXFileReference; lastKnownFileType = file.sks; path = pathTwo.sks; sourceTree = "<group>"; };
		8617D995206C5EAE00442A18 /* LevelEnd.swift */ = {isa = PBXFileReference; fileEncoding = 4; lastKnownFileType = sourcecode.swift; path = LevelEnd.swift; sourceTree = "<group>"; };
		8617D997206C5EC200442A18 /* LevelEnd.sks */ = {isa = PBXFileReference; lastKnownFileType = file.sks; path = LevelEnd.sks; sourceTree = "<group>"; };
		86354CA8203D1D9300D10AC1 /* heart.sks */ = {isa = PBXFileReference; lastKnownFileType = file.sks; path = heart.sks; sourceTree = "<group>"; };
		8639C2301F44FBC80035CAA5 /* PEMDAS.app */ = {isa = PBXFileReference; explicitFileType = wrapper.application; includeInIndex = 0; path = PEMDAS.app; sourceTree = BUILT_PRODUCTS_DIR; };
		8639C2331F44FBC80035CAA5 /* AppDelegate.swift */ = {isa = PBXFileReference; lastKnownFileType = sourcecode.swift; path = AppDelegate.swift; sourceTree = "<group>"; };
		8639C2351F44FBC80035CAA5 /* LevelOne.sks */ = {isa = PBXFileReference; lastKnownFileType = file.sks; path = LevelOne.sks; sourceTree = "<group>"; };
		8639C2371F44FBC80035CAA5 /* Actions.sks */ = {isa = PBXFileReference; lastKnownFileType = file.sks; path = Actions.sks; sourceTree = "<group>"; };
		8639C2391F44FBC80035CAA5 /* CoreGame.swift */ = {isa = PBXFileReference; lastKnownFileType = sourcecode.swift; path = CoreGame.swift; sourceTree = "<group>"; };
		8639C23B1F44FBC80035CAA5 /* GameViewController.swift */ = {isa = PBXFileReference; lastKnownFileType = sourcecode.swift; path = GameViewController.swift; sourceTree = "<group>"; };
		8639C23E1F44FBC80035CAA5 /* Base */ = {isa = PBXFileReference; lastKnownFileType = file.storyboard; name = Base; path = Base.lproj/Main.storyboard; sourceTree = "<group>"; };
		8639C2401F44FBC80035CAA5 /* Assets.xcassets */ = {isa = PBXFileReference; lastKnownFileType = folder.assetcatalog; path = Assets.xcassets; sourceTree = "<group>"; };
		8639C2431F44FBC80035CAA5 /* Base */ = {isa = PBXFileReference; lastKnownFileType = file.storyboard; name = Base; path = Base.lproj/LaunchScreen.storyboard; sourceTree = "<group>"; };
		8639C2451F44FBC80035CAA5 /* Info.plist */ = {isa = PBXFileReference; lastKnownFileType = text.plist.xml; path = Info.plist; sourceTree = "<group>"; };
		8646B8A92081773E0075FB7C /* LevelTransition.sks */ = {isa = PBXFileReference; lastKnownFileType = file.sks; path = LevelTransition.sks; sourceTree = "<group>"; };
		8646B8AB208178AE0075FB7C /* LevelTransition.swift */ = {isa = PBXFileReference; fileEncoding = 4; lastKnownFileType = sourcecode.swift; path = LevelTransition.swift; sourceTree = "<group>"; };
		8646B8B12085562B0075FB7C /* Hero.swift */ = {isa = PBXFileReference; fileEncoding = 4; lastKnownFileType = sourcecode.swift; path = Hero.swift; sourceTree = "<group>"; };
		8646B8B32086ABDE0075FB7C /* Buffs.swift */ = {isa = PBXFileReference; fileEncoding = 4; lastKnownFileType = sourcecode.swift; path = Buffs.swift; sourceTree = "<group>"; };
		86619E2120542820009555F0 /* LevelOne.swift */ = {isa = PBXFileReference; fileEncoding = 4; lastKnownFileType = sourcecode.swift; path = LevelOne.swift; sourceTree = "<group>"; };
		866AE5491FAD13E400C1BB6D /* Spider.swift */ = {isa = PBXFileReference; fileEncoding = 4; lastKnownFileType = sourcecode.swift; path = Spider.swift; sourceTree = "<group>"; };
		86A2BAE620790AF7000D8DBE /* Bosses.swift */ = {isa = PBXFileReference; fileEncoding = 4; lastKnownFileType = sourcecode.swift; path = Bosses.swift; sourceTree = "<group>"; };
		86B2BDB2204A126E00AB73A0 /* playerHUD.sks */ = {isa = PBXFileReference; lastKnownFileType = file.sks; path = playerHUD.sks; sourceTree = "<group>"; };
		86B2BDB4204AFC5E00AB73A0 /* legacyCode.swift */ = {isa = PBXFileReference; lastKnownFileType = sourcecode.swift; path = legacyCode.swift; sourceTree = "<group>"; };
		86CF443C2023DA3400B75CC5 /* LevelTwo.sks */ = {isa = PBXFileReference; lastKnownFileType = file.sks; path = LevelTwo.sks; sourceTree = "<group>"; };
		86CF443E2023DBB700B75CC5 /* LevelTwo.swift */ = {isa = PBXFileReference; lastKnownFileType = sourcecode.swift; path = LevelTwo.swift; sourceTree = "<group>"; };
		86CF44402023DC3D00B75CC5 /* LevelThree.sks */ = {isa = PBXFileReference; lastKnownFileType = file.sks; path = LevelThree.sks; sourceTree = "<group>"; };
		86CF44422023DCE400B75CC5 /* SceneLoadManager.swift */ = {isa = PBXFileReference; lastKnownFileType = sourcecode.swift; path = SceneLoadManager.swift; sourceTree = "<group>"; };
		86CF44442023DD1000B75CC5 /* LevelThree.swift */ = {isa = PBXFileReference; fileEncoding = 4; lastKnownFileType = sourcecode.swift; path = LevelThree.swift; sourceTree = "<group>"; };
		86CF44472025380100B75CC5 /* MainMenu.swift */ = {isa = PBXFileReference; lastKnownFileType = sourcecode.swift; path = MainMenu.swift; sourceTree = "<group>"; };
		86CF44492025382C00B75CC5 /* MainMenu.sks */ = {isa = PBXFileReference; lastKnownFileType = file.sks; path = MainMenu.sks; sourceTree = "<group>"; };
		86CF444D2030A16200B75CC5 /* ActiveHammer.swift */ = {isa = PBXFileReference; fileEncoding = 4; lastKnownFileType = sourcecode.swift; path = ActiveHammer.swift; sourceTree = "<group>"; };
		86CF4454203CFA8A00B75CC5 /* GreenScatter.sks */ = {isa = PBXFileReference; lastKnownFileType = file.sks; path = GreenScatter.sks; sourceTree = "<group>"; };
		86F4DBA92041A44A0018255D /* Structs.swift */ = {isa = PBXFileReference; lastKnownFileType = sourcecode.swift; path = Structs.swift; sourceTree = "<group>"; };
		86F4DBAB2044DDD60018255D /* RoomOne.sks */ = {isa = PBXFileReference; lastKnownFileType = file.sks; path = RoomOne.sks; sourceTree = "<group>"; };
		86FF44A41F48752D00E9053C /* Alerts.swift */ = {isa = PBXFileReference; fileEncoding = 4; lastKnownFileType = sourcecode.swift; path = Alerts.swift; sourceTree = "<group>"; };
/* End PBXFileReference section */

/* Begin PBXFrameworksBuildPhase section */
		8639C22D1F44FBC80035CAA5 /* Frameworks */ = {
			isa = PBXFrameworksBuildPhase;
			buildActionMask = 2147483647;
			files = (
			);
			runOnlyForDeploymentPostprocessing = 0;
		};
/* End PBXFrameworksBuildPhase section */

/* Begin PBXGroup section */
		86063D001F5631F000E21751 /* Classes */ = {
			isa = PBXGroup;
			children = (
				86F4DBA92041A44A0018255D /* Structs.swift */,
				86063CFA1F4CD8D300E21751 /* Card.swift */,
				86CF444D2030A16200B75CC5 /* ActiveHammer.swift */,
				866AE5491FAD13E400C1BB6D /* Spider.swift */,
				86A2BAE620790AF7000D8DBE /* Bosses.swift */,
				8646B8B12085562B0075FB7C /* Hero.swift */,
				8646B8B32086ABDE0075FB7C /* Buffs.swift */,
				860B9F601FF423BE005E324A /* HeathBar.swift */,
			);
			name = Classes;
			sourceTree = "<group>";
		};
		86063D011F56320D00E21751 /* Misc */ = {
			isa = PBXGroup;
			children = (
				86FF44A41F48752D00E9053C /* Alerts.swift */,
				8639C2331F44FBC80035CAA5 /* AppDelegate.swift */,
				8639C23B1F44FBC80035CAA5 /* GameViewController.swift */,
				86CF44422023DCE400B75CC5 /* SceneLoadManager.swift */,
				8639C23D1F44FBC80035CAA5 /* Main.storyboard */,
				8639C2371F44FBC80035CAA5 /* Actions.sks */,
				8639C2421F44FBC80035CAA5 /* LaunchScreen.storyboard */,
				8639C2451F44FBC80035CAA5 /* Info.plist */,
				86B2BDB4204AFC5E00AB73A0 /* legacyCode.swift */,
			);
			name = Misc;
			sourceTree = "<group>";
		};
		86063D021F56323800E21751 /* Scenes */ = {
			isa = PBXGroup;
			children = (
				86CF44492025382C00B75CC5 /* MainMenu.sks */,
				8639C2351F44FBC80035CAA5 /* LevelOne.sks */,
				86CF443C2023DA3400B75CC5 /* LevelTwo.sks */,
				86CF44402023DC3D00B75CC5 /* LevelThree.sks */,
				860B9F5C1FEB5331005E324A /* GameOverScene.sks */,
				8617D997206C5EC200442A18 /* LevelEnd.sks */,
				8646B8A92081773E0075FB7C /* LevelTransition.sks */,
				86F4DBAB2044DDD60018255D /* RoomOne.sks */,
				8617D991206C4AB600442A18 /* pathOne.sks */,
				8617D993206C4F3000442A18 /* pathTwo.sks */,
				86B2BDB2204A126E00AB73A0 /* playerHUD.sks */,
			);
			name = Scenes;
			sourceTree = "<group>";
		};
		8639C2271F44FBC80035CAA5 = {
			isa = PBXGroup;
			children = (
				8639C2321F44FBC80035CAA5 /* PEMDAS */,
				8639C2311F44FBC80035CAA5 /* Products */,
			);
			sourceTree = "<group>";
		};
		8639C2311F44FBC80035CAA5 /* Products */ = {
			isa = PBXGroup;
			children = (
				8639C2301F44FBC80035CAA5 /* PEMDAS.app */,
			);
			name = Products;
			sourceTree = "<group>";
		};
		8639C2321F44FBC80035CAA5 /* PEMDAS */ = {
			isa = PBXGroup;
			children = (
				86063D011F56320D00E21751 /* Misc */,
				86063D021F56323800E21751 /* Scenes */,
				86CF4446202536EA00B75CC5 /* Levels */,
				86063D001F5631F000E21751 /* Classes */,
				86CF4453203CFA4E00B75CC5 /* Emitters */,
				8639C2401F44FBC80035CAA5 /* Assets.xcassets */,
			);
			path = PEMDAS;
			sourceTree = "<group>";
		};
		86CF4446202536EA00B75CC5 /* Levels */ = {
			isa = PBXGroup;
			children = (
				86CF44472025380100B75CC5 /* MainMenu.swift */,
				8639C2391F44FBC80035CAA5 /* CoreGame.swift */,
				86619E2120542820009555F0 /* LevelOne.swift */,
				86CF443E2023DBB700B75CC5 /* LevelTwo.swift */,
				86CF44442023DD1000B75CC5 /* LevelThree.swift */,
				860B9F5E1FEB5358005E324A /* GameOverScene.swift */,
				8617D995206C5EAE00442A18 /* LevelEnd.swift */,
				8646B8AB208178AE0075FB7C /* LevelTransition.swift */,
			);
			name = Levels;
			sourceTree = "<group>";
		};
		86CF4453203CFA4E00B75CC5 /* Emitters */ = {
			isa = PBXGroup;
			children = (
				86CF4454203CFA8A00B75CC5 /* GreenScatter.sks */,
				86354CA8203D1D9300D10AC1 /* heart.sks */,
			);
			name = Emitters;
			sourceTree = "<group>";
		};
/* End PBXGroup section */

/* Begin PBXNativeTarget section */
		8639C22F1F44FBC80035CAA5 /* PEMDAS */ = {
			isa = PBXNativeTarget;
			buildConfigurationList = 8639C2481F44FBC80035CAA5 /* Build configuration list for PBXNativeTarget "PEMDAS" */;
			buildPhases = (
				8639C22C1F44FBC80035CAA5 /* Sources */,
				8639C22D1F44FBC80035CAA5 /* Frameworks */,
				8639C22E1F44FBC80035CAA5 /* Resources */,
			);
			buildRules = (
			);
			dependencies = (
			);
			name = PEMDAS;
			productName = PEMDAS;
			productReference = 8639C2301F44FBC80035CAA5 /* PEMDAS.app */;
			productType = "com.apple.product-type.application";
		};
/* End PBXNativeTarget section */

/* Begin PBXProject section */
		8639C2281F44FBC80035CAA5 /* Project object */ = {
			isa = PBXProject;
			attributes = {
				LastSwiftUpdateCheck = 0830;
				LastUpgradeCheck = 0930;
				ORGANIZATIONNAME = "John Davenport";
				TargetAttributes = {
					8639C22F1F44FBC80035CAA5 = {
						CreatedOnToolsVersion = 8.3.3;
						DevelopmentTeam = 5AHV4YX6R2;
						LastSwiftMigration = 0900;
						ProvisioningStyle = Automatic;
					};
				};
			};
			buildConfigurationList = 8639C22B1F44FBC80035CAA5 /* Build configuration list for PBXProject "PEMDAS" */;
			compatibilityVersion = "Xcode 3.2";
			developmentRegion = English;
			hasScannedForEncodings = 0;
			knownRegions = (
				en,
				Base,
			);
			mainGroup = 8639C2271F44FBC80035CAA5;
			productRefGroup = 8639C2311F44FBC80035CAA5 /* Products */;
			projectDirPath = "";
			projectRoot = "";
			targets = (
				8639C22F1F44FBC80035CAA5 /* PEMDAS */,
			);
		};
/* End PBXProject section */

/* Begin PBXResourcesBuildPhase section */
		8639C22E1F44FBC80035CAA5 /* Resources */ = {
			isa = PBXResourcesBuildPhase;
			buildActionMask = 2147483647;
			files = (
				86CF44412023DC3D00B75CC5 /* LevelThree.sks in Resources */,
				86CF444A2025382C00B75CC5 /* MainMenu.sks in Resources */,
				86B2BDB3204A126E00AB73A0 /* playerHUD.sks in Resources */,
				8639C23F1F44FBC80035CAA5 /* Main.storyboard in Resources */,
				8639C2361F44FBC80035CAA5 /* LevelOne.sks in Resources */,
				8639C2411F44FBC80035CAA5 /* Assets.xcassets in Resources */,
				86CF443D2023DA3400B75CC5 /* LevelTwo.sks in Resources */,
				8617D994206C4F3000442A18 /* pathTwo.sks in Resources */,
				8617D992206C4AB600442A18 /* pathOne.sks in Resources */,
				8639C2441F44FBC80035CAA5 /* LaunchScreen.storyboard in Resources */,
				8646B8AA2081773E0075FB7C /* LevelTransition.sks in Resources */,
				8617D998206C5EC200442A18 /* LevelEnd.sks in Resources */,
				86354CA9203D1D9300D10AC1 /* heart.sks in Resources */,
				860B9F5D1FEB5331005E324A /* GameOverScene.sks in Resources */,
				86F4DBAC2044DDD60018255D /* RoomOne.sks in Resources */,
				8639C2381F44FBC80035CAA5 /* Actions.sks in Resources */,
				86CF4455203CFA8A00B75CC5 /* GreenScatter.sks in Resources */,
			);
			runOnlyForDeploymentPostprocessing = 0;
		};
/* End PBXResourcesBuildPhase section */

/* Begin PBXSourcesBuildPhase section */
		8639C22C1F44FBC80035CAA5 /* Sources */ = {
			isa = PBXSourcesBuildPhase;
			buildActionMask = 2147483647;
			files = (
				86CF44452023DD1000B75CC5 /* LevelThree.swift in Sources */,
				8639C23A1F44FBC80035CAA5 /* CoreGame.swift in Sources */,
				86A2BAE720790AF7000D8DBE /* Bosses.swift in Sources */,
				860B9F611FF423BE005E324A /* HeathBar.swift in Sources */,
				8639C23C1F44FBC80035CAA5 /* GameViewController.swift in Sources */,
				8646B8B42086ABDE0075FB7C /* Buffs.swift in Sources */,
				860B9F5F1FEB5358005E324A /* GameOverScene.swift in Sources */,
				8646B8AC208178AE0075FB7C /* LevelTransition.swift in Sources */,
				86619E2220542820009555F0 /* LevelOne.swift in Sources */,
				86CF444E2030A16200B75CC5 /* ActiveHammer.swift in Sources */,
				86B2BDB5204AFC5F00AB73A0 /* legacyCode.swift in Sources */,
				86063CFB1F4CD8D300E21751 /* Card.swift in Sources */,
				8617D996206C5EAE00442A18 /* LevelEnd.swift in Sources */,
				86FF44A51F48752D00E9053C /* Alerts.swift in Sources */,
				86CF44482025380100B75CC5 /* MainMenu.swift in Sources */,
				86CF44432023DCE400B75CC5 /* SceneLoadManager.swift in Sources */,
				8646B8B22085562B0075FB7C /* Hero.swift in Sources */,
				86F4DBAA2041A44A0018255D /* Structs.swift in Sources */,
				86CF443F2023DBB700B75CC5 /* LevelTwo.swift in Sources */,
				866AE54A1FAD13E400C1BB6D /* Spider.swift in Sources */,
				8639C2341F44FBC80035CAA5 /* AppDelegate.swift in Sources */,
			);
			runOnlyForDeploymentPostprocessing = 0;
		};
/* End PBXSourcesBuildPhase section */

/* Begin PBXVariantGroup section */
		8639C23D1F44FBC80035CAA5 /* Main.storyboard */ = {
			isa = PBXVariantGroup;
			children = (
				8639C23E1F44FBC80035CAA5 /* Base */,
			);
			name = Main.storyboard;
			sourceTree = "<group>";
		};
		8639C2421F44FBC80035CAA5 /* LaunchScreen.storyboard */ = {
			isa = PBXVariantGroup;
			children = (
				8639C2431F44FBC80035CAA5 /* Base */,
			);
			name = LaunchScreen.storyboard;
			sourceTree = "<group>";
		};
/* End PBXVariantGroup section */

/* Begin XCBuildConfiguration section */
		8639C2461F44FBC80035CAA5 /* Debug */ = {
			isa = XCBuildConfiguration;
			buildSettings = {
				ALWAYS_SEARCH_USER_PATHS = NO;
				CLANG_ANALYZER_NONNULL = YES;
				CLANG_ANALYZER_NUMBER_OBJECT_CONVERSION = YES_AGGRESSIVE;
				CLANG_CXX_LANGUAGE_STANDARD = "gnu++0x";
				CLANG_CXX_LIBRARY = "libc++";
				CLANG_ENABLE_MODULES = YES;
				CLANG_ENABLE_OBJC_ARC = YES;
				CLANG_WARN_BLOCK_CAPTURE_AUTORELEASING = YES;
				CLANG_WARN_BOOL_CONVERSION = YES;
				CLANG_WARN_COMMA = YES;
				CLANG_WARN_CONSTANT_CONVERSION = YES;
				CLANG_WARN_DEPRECATED_OBJC_IMPLEMENTATIONS = YES;
				CLANG_WARN_DIRECT_OBJC_ISA_USAGE = YES_ERROR;
				CLANG_WARN_DOCUMENTATION_COMMENTS = YES;
				CLANG_WARN_EMPTY_BODY = YES;
				CLANG_WARN_ENUM_CONVERSION = YES;
				CLANG_WARN_INFINITE_RECURSION = YES;
				CLANG_WARN_INT_CONVERSION = YES;
				CLANG_WARN_NON_LITERAL_NULL_CONVERSION = YES;
				CLANG_WARN_OBJC_IMPLICIT_RETAIN_SELF = YES;
				CLANG_WARN_OBJC_LITERAL_CONVERSION = YES;
				CLANG_WARN_OBJC_ROOT_CLASS = YES_ERROR;
				CLANG_WARN_RANGE_LOOP_ANALYSIS = YES;
				CLANG_WARN_STRICT_PROTOTYPES = YES;
				CLANG_WARN_SUSPICIOUS_MOVE = YES;
				CLANG_WARN_UNREACHABLE_CODE = YES;
				CLANG_WARN__DUPLICATE_METHOD_MATCH = YES;
				"CODE_SIGN_IDENTITY[sdk=iphoneos*]" = "iPhone Developer";
				COPY_PHASE_STRIP = NO;
				DEBUG_INFORMATION_FORMAT = dwarf;
				ENABLE_STRICT_OBJC_MSGSEND = YES;
				ENABLE_TESTABILITY = YES;
				GCC_C_LANGUAGE_STANDARD = gnu99;
				GCC_DYNAMIC_NO_PIC = NO;
				GCC_NO_COMMON_BLOCKS = YES;
				GCC_OPTIMIZATION_LEVEL = 0;
				GCC_PREPROCESSOR_DEFINITIONS = (
					"DEBUG=1",
					"$(inherited)",
				);
				GCC_WARN_64_TO_32_BIT_CONVERSION = YES;
				GCC_WARN_ABOUT_RETURN_TYPE = YES_ERROR;
				GCC_WARN_UNDECLARED_SELECTOR = YES;
				GCC_WARN_UNINITIALIZED_AUTOS = YES_AGGRESSIVE;
				GCC_WARN_UNUSED_FUNCTION = YES;
				GCC_WARN_UNUSED_VARIABLE = YES;
				IPHONEOS_DEPLOYMENT_TARGET = 10.3;
				MTL_ENABLE_DEBUG_INFO = YES;
				ONLY_ACTIVE_ARCH = YES;
				SDKROOT = iphoneos;
				SWIFT_ACTIVE_COMPILATION_CONDITIONS = DEBUG;
				SWIFT_OPTIMIZATION_LEVEL = "-Onone";
				SWIFT_SWIFT3_OBJC_INFERENCE = Off;
				TARGETED_DEVICE_FAMILY = "1,2";
			};
			name = Debug;
		};
		8639C2471F44FBC80035CAA5 /* Release */ = {
			isa = XCBuildConfiguration;
			buildSettings = {
				ALWAYS_SEARCH_USER_PATHS = NO;
				CLANG_ANALYZER_NONNULL = YES;
				CLANG_ANALYZER_NUMBER_OBJECT_CONVERSION = YES_AGGRESSIVE;
				CLANG_CXX_LANGUAGE_STANDARD = "gnu++0x";
				CLANG_CXX_LIBRARY = "libc++";
				CLANG_ENABLE_MODULES = YES;
				CLANG_ENABLE_OBJC_ARC = YES;
				CLANG_WARN_BLOCK_CAPTURE_AUTORELEASING = YES;
				CLANG_WARN_BOOL_CONVERSION = YES;
				CLANG_WARN_COMMA = YES;
				CLANG_WARN_CONSTANT_CONVERSION = YES;
				CLANG_WARN_DEPRECATED_OBJC_IMPLEMENTATIONS = YES;
				CLANG_WARN_DIRECT_OBJC_ISA_USAGE = YES_ERROR;
				CLANG_WARN_DOCUMENTATION_COMMENTS = YES;
				CLANG_WARN_EMPTY_BODY = YES;
				CLANG_WARN_ENUM_CONVERSION = YES;
				CLANG_WARN_INFINITE_RECURSION = YES;
				CLANG_WARN_INT_CONVERSION = YES;
				CLANG_WARN_NON_LITERAL_NULL_CONVERSION = YES;
				CLANG_WARN_OBJC_IMPLICIT_RETAIN_SELF = YES;
				CLANG_WARN_OBJC_LITERAL_CONVERSION = YES;
				CLANG_WARN_OBJC_ROOT_CLASS = YES_ERROR;
				CLANG_WARN_RANGE_LOOP_ANALYSIS = YES;
				CLANG_WARN_STRICT_PROTOTYPES = YES;
				CLANG_WARN_SUSPICIOUS_MOVE = YES;
				CLANG_WARN_UNREACHABLE_CODE = YES;
				CLANG_WARN__DUPLICATE_METHOD_MATCH = YES;
				"CODE_SIGN_IDENTITY[sdk=iphoneos*]" = "iPhone Developer";
				COPY_PHASE_STRIP = NO;
				DEBUG_INFORMATION_FORMAT = "dwarf-with-dsym";
				ENABLE_NS_ASSERTIONS = NO;
				ENABLE_STRICT_OBJC_MSGSEND = YES;
				GCC_C_LANGUAGE_STANDARD = gnu99;
				GCC_NO_COMMON_BLOCKS = YES;
				GCC_WARN_64_TO_32_BIT_CONVERSION = YES;
				GCC_WARN_ABOUT_RETURN_TYPE = YES_ERROR;
				GCC_WARN_UNDECLARED_SELECTOR = YES;
				GCC_WARN_UNINITIALIZED_AUTOS = YES_AGGRESSIVE;
				GCC_WARN_UNUSED_FUNCTION = YES;
				GCC_WARN_UNUSED_VARIABLE = YES;
				IPHONEOS_DEPLOYMENT_TARGET = 10.3;
				MTL_ENABLE_DEBUG_INFO = NO;
				ONLY_ACTIVE_ARCH = NO;
				SDKROOT = iphoneos;
				SWIFT_OPTIMIZATION_LEVEL = "-Owholemodule";
				SWIFT_SWIFT3_OBJC_INFERENCE = Off;
				TARGETED_DEVICE_FAMILY = "1,2";
				VALIDATE_PRODUCT = YES;
			};
			name = Release;
		};
		8639C2491F44FBC80035CAA5 /* Debug */ = {
			isa = XCBuildConfiguration;
			buildSettings = {
				ASSETCATALOG_COMPILER_APPICON_NAME = AppIcon;
				DEVELOPMENT_TEAM = 5AHV4YX6R2;
				INFOPLIST_FILE = PEMDAS/Info.plist;
				LD_RUNPATH_SEARCH_PATHS = "$(inherited) @executable_path/Frameworks";
				PRODUCT_BUNDLE_IDENTIFIER = phogro.PEMDAS;
				PRODUCT_NAME = "$(TARGET_NAME)";
				SWIFT_SWIFT3_OBJC_INFERENCE = Off;
				SWIFT_VERSION = 4.0;
			};
			name = Debug;
		};
		8639C24A1F44FBC80035CAA5 /* Release */ = {
			isa = XCBuildConfiguration;
			buildSettings = {
				ASSETCATALOG_COMPILER_APPICON_NAME = AppIcon;
				DEVELOPMENT_TEAM = 5AHV4YX6R2;
				INFOPLIST_FILE = PEMDAS/Info.plist;
				LD_RUNPATH_SEARCH_PATHS = "$(inherited) @executable_path/Frameworks";
				PRODUCT_BUNDLE_IDENTIFIER = phogro.PEMDAS;
				PRODUCT_NAME = "$(TARGET_NAME)";
				SWIFT_SWIFT3_OBJC_INFERENCE = Off;
				SWIFT_VERSION = 4.0;
			};
			name = Release;
		};
/* End XCBuildConfiguration section */

/* Begin XCConfigurationList section */
		8639C22B1F44FBC80035CAA5 /* Build configuration list for PBXProject "PEMDAS" */ = {
			isa = XCConfigurationList;
			buildConfigurations = (
				8639C2461F44FBC80035CAA5 /* Debug */,
				8639C2471F44FBC80035CAA5 /* Release */,
			);
			defaultConfigurationIsVisible = 0;
			defaultConfigurationName = Release;
		};
		8639C2481F44FBC80035CAA5 /* Build configuration list for PBXNativeTarget "PEMDAS" */ = {
			isa = XCConfigurationList;
			buildConfigurations = (
				8639C2491F44FBC80035CAA5 /* Debug */,
				8639C24A1F44FBC80035CAA5 /* Release */,
			);
			defaultConfigurationIsVisible = 0;
			defaultConfigurationName = Release;
		};
/* End XCConfigurationList section */
	};
	rootObject = 8639C2281F44FBC80035CAA5 /* Project object */;
}
